
Microsoft Visual Studio Solution File, Format Version 12.00
# Visual Studio 15
VisualStudioVersion = 15.0.27130.2010
MinimumVisualStudioVersion = 10.0.40219.1
Project("{FAE04EC0-301F-11D3-BF4B-00C04F79EFBC}") = "App1.Android", "App1\App1.Android\App1.Android.csproj", "{BA5435D3-57E7-4FC0-A4D7-DCE0CC2CAE34}"
EndProject
Project("{FAE04EC0-301F-11D3-BF4B-00C04F79EFBC}") = "App1.iOS", "App1\App1.iOS\App1.iOS.csproj", "{42CBA889-106C-4AB3-ADDC-F0F5C488EBB5}"
EndProject
Project("{FAE04EC0-301F-11D3-BF4B-00C04F79EFBC}") = "App1", "App1\App1\App1.csproj", "{265108E1-0946-40CA-9992-970EAECFFCE0}"
EndProject
Global
	GlobalSection(SolutionConfigurationPlatforms) = preSolution
		Ad-Hoc|Any CPU = Ad-Hoc|Any CPU
		Ad-Hoc|iPhone = Ad-Hoc|iPhone
		Ad-Hoc|iPhoneSimulator = Ad-Hoc|iPhoneSimulator
		AppStore|Any CPU = AppStore|Any CPU
		AppStore|iPhone = AppStore|iPhone
		AppStore|iPhoneSimulator = AppStore|iPhoneSimulator
		Debug|Any CPU = Debug|Any CPU
		Debug|iPhone = Debug|iPhone
		Debug|iPhoneSimulator = Debug|iPhoneSimulator
		Release|Any CPU = Release|Any CPU
		Release|iPhone = Release|iPhone
		Release|iPhoneSimulator = Release|iPhoneSimulator
	EndGlobalSection
	GlobalSection(ProjectConfigurationPlatforms) = postSolution
		{BA5435D3-57E7-4FC0-A4D7-DCE0CC2CAE34}.Ad-Hoc|Any CPU.ActiveCfg = Release|Any CPU
		{BA5435D3-57E7-4FC0-A4D7-DCE0CC2CAE34}.Ad-Hoc|Any CPU.Build.0 = Release|Any CPU
		{BA5435D3-57E7-4FC0-A4D7-DCE0CC2CAE34}.Ad-Hoc|Any CPU.Deploy.0 = Release|Any CPU
		{BA5435D3-57E7-4FC0-A4D7-DCE0CC2CAE34}.Ad-Hoc|iPhone.ActiveCfg = Release|Any CPU
		{BA5435D3-57E7-4FC0-A4D7-DCE0CC2CAE34}.Ad-Hoc|iPhone.Build.0 = Release|Any CPU
		{BA5435D3-57E7-4FC0-A4D7-DCE0CC2CAE34}.Ad-Hoc|iPhone.Deploy.0 = Release|Any CPU
		{BA5435D3-57E7-4FC0-A4D7-DCE0CC2CAE34}.Ad-Hoc|iPhoneSimulator.ActiveCfg = Release|Any CPU
		{BA5435D3-57E7-4FC0-A4D7-DCE0CC2CAE34}.Ad-Hoc|iPhoneSimulator.Build.0 = Release|Any CPU
		{BA5435D3-57E7-4FC0-A4D7-DCE0CC2CAE34}.Ad-Hoc|iPhoneSimulator.Deploy.0 = Release|Any CPU
		{BA5435D3-57E7-4FC0-A4D7-DCE0CC2CAE34}.AppStore|Any CPU.ActiveCfg = Release|Any CPU
		{BA5435D3-57E7-4FC0-A4D7-DCE0CC2CAE34}.AppStore|Any CPU.Build.0 = Release|Any CPU
		{BA5435D3-57E7-4FC0-A4D7-DCE0CC2CAE34}.AppStore|Any CPU.Deploy.0 = Release|Any CPU
		{BA5435D3-57E7-4FC0-A4D7-DCE0CC2CAE34}.AppStore|iPhone.ActiveCfg = Release|Any CPU
		{BA5435D3-57E7-4FC0-A4D7-DCE0CC2CAE34}.AppStore|iPhone.Build.0 = Release|Any CPU
		{BA5435D3-57E7-4FC0-A4D7-DCE0CC2CAE34}.AppStore|iPhone.Deploy.0 = Release|Any CPU
		{BA5435D3-57E7-4FC0-A4D7-DCE0CC2CAE34}.AppStore|iPhoneSimulator.ActiveCfg = Release|Any CPU
		{BA5435D3-57E7-4FC0-A4D7-DCE0CC2CAE34}.AppStore|iPhoneSimulator.Build.0 = Release|Any CPU
		{BA5435D3-57E7-4FC0-A4D7-DCE0CC2CAE34}.AppStore|iPhoneSimulator.Deploy.0 = Release|Any CPU
		{BA5435D3-57E7-4FC0-A4D7-DCE0CC2CAE34}.Debug|Any CPU.ActiveCfg = Debug|Any CPU
		{BA5435D3-57E7-4FC0-A4D7-DCE0CC2CAE34}.Debug|Any CPU.Build.0 = Debug|Any CPU
		{BA5435D3-57E7-4FC0-A4D7-DCE0CC2CAE34}.Debug|Any CPU.Deploy.0 = Debug|Any CPU
		{BA5435D3-57E7-4FC0-A4D7-DCE0CC2CAE34}.Debug|iPhone.ActiveCfg = Debug|Any CPU
		{BA5435D3-57E7-4FC0-A4D7-DCE0CC2CAE34}.Debug|iPhone.Build.0 = Debug|Any CPU
		{BA5435D3-57E7-4FC0-A4D7-DCE0CC2CAE34}.Debug|iPhone.Deploy.0 = Debug|Any CPU
		{BA5435D3-57E7-4FC0-A4D7-DCE0CC2CAE34}.Debug|iPhoneSimulator.ActiveCfg = Debug|Any CPU
		{BA5435D3-57E7-4FC0-A4D7-DCE0CC2CAE34}.Debug|iPhoneSimulator.Build.0 = Debug|Any CPU
		{BA5435D3-57E7-4FC0-A4D7-DCE0CC2CAE34}.Debug|iPhoneSimulator.Deploy.0 = Debug|Any CPU
		{BA5435D3-57E7-4FC0-A4D7-DCE0CC2CAE34}.Release|Any CPU.ActiveCfg = Release|Any CPU
		{BA5435D3-57E7-4FC0-A4D7-DCE0CC2CAE34}.Release|Any CPU.Build.0 = Release|Any CPU
		{BA5435D3-57E7-4FC0-A4D7-DCE0CC2CAE34}.Release|Any CPU.Deploy.0 = Release|Any CPU
		{BA5435D3-57E7-4FC0-A4D7-DCE0CC2CAE34}.Release|iPhone.ActiveCfg = Release|Any CPU
		{BA5435D3-57E7-4FC0-A4D7-DCE0CC2CAE34}.Release|iPhone.Build.0 = Release|Any CPU
		{BA5435D3-57E7-4FC0-A4D7-DCE0CC2CAE34}.Release|iPhone.Deploy.0 = Release|Any CPU
		{BA5435D3-57E7-4FC0-A4D7-DCE0CC2CAE34}.Release|iPhoneSimulator.ActiveCfg = Release|Any CPU
		{BA5435D3-57E7-4FC0-A4D7-DCE0CC2CAE34}.Release|iPhoneSimulator.Build.0 = Release|Any CPU
		{BA5435D3-57E7-4FC0-A4D7-DCE0CC2CAE34}.Release|iPhoneSimulator.Deploy.0 = Release|Any CPU
		{42CBA889-106C-4AB3-ADDC-F0F5C488EBB5}.Ad-Hoc|Any CPU.ActiveCfg = Ad-Hoc|iPhone
		{42CBA889-106C-4AB3-ADDC-F0F5C488EBB5}.Ad-Hoc|iPhone.ActiveCfg = Ad-Hoc|iPhone
		{42CBA889-106C-4AB3-ADDC-F0F5C488EBB5}.Ad-Hoc|iPhone.Build.0 = Ad-Hoc|iPhone
		{42CBA889-106C-4AB3-ADDC-F0F5C488EBB5}.Ad-Hoc|iPhoneSimulator.ActiveCfg = Ad-Hoc|iPhoneSimulator
		{42CBA889-106C-4AB3-ADDC-F0F5C488EBB5}.Ad-Hoc|iPhoneSimulator.Build.0 = Ad-Hoc|iPhoneSimulator
		{42CBA889-106C-4AB3-ADDC-F0F5C488EBB5}.AppStore|Any CPU.ActiveCfg = AppStore|iPhone
		{42CBA889-106C-4AB3-ADDC-F0F5C488EBB5}.AppStore|iPhone.ActiveCfg = AppStore|iPhone
		{42CBA889-106C-4AB3-ADDC-F0F5C488EBB5}.AppStore|iPhone.Build.0 = AppStore|iPhone
		{42CBA889-106C-4AB3-ADDC-F0F5C488EBB5}.AppStore|iPhoneSimulator.ActiveCfg = AppStore|iPhoneSimulator
		{42CBA889-106C-4AB3-ADDC-F0F5C488EBB5}.AppStore|iPhoneSimulator.Build.0 = AppStore|iPhoneSimulator
		{42CBA889-106C-4AB3-ADDC-F0F5C488EBB5}.Debug|Any CPU.ActiveCfg = Debug|iPhone
		{42CBA889-106C-4AB3-ADDC-F0F5C488EBB5}.Debug|iPhone.ActiveCfg = Debug|iPhone
		{42CBA889-106C-4AB3-ADDC-F0F5C488EBB5}.Debug|iPhone.Build.0 = Debug|iPhone
		{42CBA889-106C-4AB3-ADDC-F0F5C488EBB5}.Debug|iPhoneSimulator.ActiveCfg = Debug|iPhoneSimulator
		{42CBA889-106C-4AB3-ADDC-F0F5C488EBB5}.Debug|iPhoneSimulator.Build.0 = Debug|iPhoneSimulator
		{42CBA889-106C-4AB3-ADDC-F0F5C488EBB5}.Release|Any CPU.ActiveCfg = Release|iPhone
		{42CBA889-106C-4AB3-ADDC-F0F5C488EBB5}.Release|iPhone.ActiveCfg = Release|iPhone
		{42CBA889-106C-4AB3-ADDC-F0F5C488EBB5}.Release|iPhone.Build.0 = Release|iPhone
		{42CBA889-106C-4AB3-ADDC-F0F5C488EBB5}.Release|iPhoneSimulator.ActiveCfg = Release|iPhoneSimulator
		{42CBA889-106C-4AB3-ADDC-F0F5C488EBB5}.Release|iPhoneSimulator.Build.0 = Release|iPhoneSimulator
		{265108E1-0946-40CA-9992-970EAECFFCE0}.Ad-Hoc|Any CPU.ActiveCfg = Debug|Any CPU
		{265108E1-0946-40CA-9992-970EAECFFCE0}.Ad-Hoc|Any CPU.Build.0 = Debug|Any CPU
		{265108E1-0946-40CA-9992-970EAECFFCE0}.Ad-Hoc|iPhone.ActiveCfg = Debug|Any CPU
		{265108E1-0946-40CA-9992-970EAECFFCE0}.Ad-Hoc|iPhone.Build.0 = Debug|Any CPU
		{265108E1-0946-40CA-9992-970EAECFFCE0}.Ad-Hoc|iPhoneSimulator.ActiveCfg = Debug|Any CPU
		{265108E1-0946-40CA-9992-970EAECFFCE0}.Ad-Hoc|iPhoneSimulator.Build.0 = Debug|Any CPU
		{265108E1-0946-40CA-9992-970EAECFFCE0}.AppStore|Any CPU.ActiveCfg = Debug|Any CPU
		{265108E1-0946-40CA-9992-970EAECFFCE0}.AppStore|Any CPU.Build.0 = Debug|Any CPU
		{265108E1-0946-40CA-9992-970EAECFFCE0}.AppStore|iPhone.ActiveCfg = Debug|Any CPU
		{265108E1-0946-40CA-9992-970EAECFFCE0}.AppStore|iPhone.Build.0 = Debug|Any CPU
		{265108E1-0946-40CA-9992-970EAECFFCE0}.AppStore|iPhoneSimulator.ActiveCfg = Debug|Any CPU
		{265108E1-0946-40CA-9992-970EAECFFCE0}.AppStore|iPhoneSimulator.Build.0 = Debug|Any CPU
		{265108E1-0946-40CA-9992-970EAECFFCE0}.Debug|Any CPU.ActiveCfg = Debug|Any CPU
		{265108E1-0946-40CA-9992-970EAECFFCE0}.Debug|Any CPU.Build.0 = Debug|Any CPU
		{265108E1-0946-40CA-9992-970EAECFFCE0}.Debug|iPhone.ActiveCfg = Debug|Any CPU
		{265108E1-0946-40CA-9992-970EAECFFCE0}.Debug|iPhone.Build.0 = Debug|Any CPU
		{265108E1-0946-40CA-9992-970EAECFFCE0}.Debug|iPhoneSimulator.ActiveCfg = Debug|Any CPU
		{265108E1-0946-40CA-9992-970EAECFFCE0}.Debug|iPhoneSimulator.Build.0 = Debug|Any CPU
		{265108E1-0946-40CA-9992-970EAECFFCE0}.Release|Any CPU.ActiveCfg = Release|Any CPU
		{265108E1-0946-40CA-9992-970EAECFFCE0}.Release|Any CPU.Build.0 = Release|Any CPU
		{265108E1-0946-40CA-9992-970EAECFFCE0}.Release|iPhone.ActiveCfg = Release|Any CPU
		{265108E1-0946-40CA-9992-970EAECFFCE0}.Release|iPhone.Build.0 = Release|Any CPU
		{265108E1-0946-40CA-9992-970EAECFFCE0}.Release|iPhoneSimulator.ActiveCfg = Release|Any CPU
		{265108E1-0946-40CA-9992-970EAECFFCE0}.Release|iPhoneSimulator.Build.0 = Release|Any CPU
	EndGlobalSection
	GlobalSection(SolutionProperties) = preSolution
		HideSolutionNode = FALSE
	EndGlobalSection
	GlobalSection(ExtensibilityGlobals) = postSolution
		SolutionGuid = {7890B81E-8FFC-4B11-91BA-C795F83DC24A}
	EndGlobalSection
EndGlobal
